
Microsoft Visual Studio Solution File, Format Version 12.00
# Visual Studio 15
VisualStudioVersion = 15.0.26124.0
MinimumVisualStudioVersion = 15.0.26124.0
Project("{2150E333-8FDC-42A3-9474-1A3956D46DE8}") = "src", "src", "{158D0EC6-F7A7-4D16-8985-D568E677FA86}"
EndProject
Project("{2150E333-8FDC-42A3-9474-1A3956D46DE8}") = "tests", "tests", "{98C7CD88-6F82-4940-9B7B-32C2D5D74C03}"
EndProject
Project("{FAE04EC0-301F-11D3-BF4B-00C04F79EFBC}") = "MatcherChief.Server", "src\MatcherChief.Server\MatcherChief.Server.csproj", "{233722B9-4195-4875-8D8B-FE82BA02B8FA}"
EndProject
Project("{FAE04EC0-301F-11D3-BF4B-00C04F79EFBC}") = "MatcherChief.Shared", "src\MatcherChief.Shared\MatcherChief.Shared.csproj", "{658F7E9F-227A-4744-9770-85D6DB8F0CB7}"
EndProject
Project("{FAE04EC0-301F-11D3-BF4B-00C04F79EFBC}") = "MatcherChief.Client", "src\MatcherChief.Client\MatcherChief.Client.csproj", "{15A70E17-DE93-4166-A99E-1BED37AC2A9B}"
EndProject
Project("{FAE04EC0-301F-11D3-BF4B-00C04F79EFBC}") = "MatcherChief.Shared.Tests", "tests\MatcherChief.Shared.Tests\MatcherChief.Shared.Tests.csproj", "{89DA4590-945C-4165-AE9F-341771FE9F07}"
EndProject
Project("{2150E333-8FDC-42A3-9474-1A3956D46DE8}") = "tools", "tools", "{4E7FCE09-087C-4F33-B89A-677F12DB6D82}"
EndProject
Project("{FAE04EC0-301F-11D3-BF4B-00C04F79EFBC}") = "MatcherChief.ClientRunner", "tools\MatcherChief.ClientRunner\MatcherChief.ClientRunner.csproj", "{31D6D40C-2122-410C-B39B-BE94A30FDC43}"
EndProject
Project("{FAE04EC0-301F-11D3-BF4B-00C04F79EFBC}") = "MatcherChief.Server.Tests", "tests\MatcherChief.Server.Tests\MatcherChief.Server.Tests.csproj", "{85AE7303-6732-4328-B243-4B4EA4A5EE7E}"
EndProject
Project("{FAE04EC0-301F-11D3-BF4B-00C04F79EFBC}") = "MatcherChief.Client.Tests", "tests\MatcherChief.Client.Tests\MatcherChief.Client.Tests.csproj", "{A2EFAD12-B74E-4055-9BF9-55E49AE124CB}"
EndProject
Global
	GlobalSection(SolutionConfigurationPlatforms) = preSolution
		Debug|Any CPU = Debug|Any CPU
		Debug|x64 = Debug|x64
		Debug|x86 = Debug|x86
		Release|Any CPU = Release|Any CPU
		Release|x64 = Release|x64
		Release|x86 = Release|x86
	EndGlobalSection
	GlobalSection(SolutionProperties) = preSolution
		HideSolutionNode = FALSE
	EndGlobalSection
	GlobalSection(ProjectConfigurationPlatforms) = postSolution
		{233722B9-4195-4875-8D8B-FE82BA02B8FA}.Debug|Any CPU.ActiveCfg = Debug|Any CPU
		{233722B9-4195-4875-8D8B-FE82BA02B8FA}.Debug|Any CPU.Build.0 = Debug|Any CPU
		{233722B9-4195-4875-8D8B-FE82BA02B8FA}.Debug|x64.ActiveCfg = Debug|Any CPU
		{233722B9-4195-4875-8D8B-FE82BA02B8FA}.Debug|x64.Build.0 = Debug|Any CPU
		{233722B9-4195-4875-8D8B-FE82BA02B8FA}.Debug|x86.ActiveCfg = Debug|Any CPU
		{233722B9-4195-4875-8D8B-FE82BA02B8FA}.Debug|x86.Build.0 = Debug|Any CPU
		{233722B9-4195-4875-8D8B-FE82BA02B8FA}.Release|Any CPU.ActiveCfg = Release|Any CPU
		{233722B9-4195-4875-8D8B-FE82BA02B8FA}.Release|Any CPU.Build.0 = Release|Any CPU
		{233722B9-4195-4875-8D8B-FE82BA02B8FA}.Release|x64.ActiveCfg = Release|Any CPU
		{233722B9-4195-4875-8D8B-FE82BA02B8FA}.Release|x64.Build.0 = Release|Any CPU
		{233722B9-4195-4875-8D8B-FE82BA02B8FA}.Release|x86.ActiveCfg = Release|Any CPU
		{233722B9-4195-4875-8D8B-FE82BA02B8FA}.Release|x86.Build.0 = Release|Any CPU
		{658F7E9F-227A-4744-9770-85D6DB8F0CB7}.Debug|Any CPU.ActiveCfg = Debug|Any CPU
		{658F7E9F-227A-4744-9770-85D6DB8F0CB7}.Debug|Any CPU.Build.0 = Debug|Any CPU
		{658F7E9F-227A-4744-9770-85D6DB8F0CB7}.Debug|x64.ActiveCfg = Debug|Any CPU
		{658F7E9F-227A-4744-9770-85D6DB8F0CB7}.Debug|x64.Build.0 = Debug|Any CPU
		{658F7E9F-227A-4744-9770-85D6DB8F0CB7}.Debug|x86.ActiveCfg = Debug|Any CPU
		{658F7E9F-227A-4744-9770-85D6DB8F0CB7}.Debug|x86.Build.0 = Debug|Any CPU
		{658F7E9F-227A-4744-9770-85D6DB8F0CB7}.Release|Any CPU.ActiveCfg = Release|Any CPU
		{658F7E9F-227A-4744-9770-85D6DB8F0CB7}.Release|Any CPU.Build.0 = Release|Any CPU
		{658F7E9F-227A-4744-9770-85D6DB8F0CB7}.Release|x64.ActiveCfg = Release|Any CPU
		{658F7E9F-227A-4744-9770-85D6DB8F0CB7}.Release|x64.Build.0 = Release|Any CPU
		{658F7E9F-227A-4744-9770-85D6DB8F0CB7}.Release|x86.ActiveCfg = Release|Any CPU
		{658F7E9F-227A-4744-9770-85D6DB8F0CB7}.Release|x86.Build.0 = Release|Any CPU
		{15A70E17-DE93-4166-A99E-1BED37AC2A9B}.Debug|Any CPU.ActiveCfg = Debug|Any CPU
		{15A70E17-DE93-4166-A99E-1BED37AC2A9B}.Debug|Any CPU.Build.0 = Debug|Any CPU
		{15A70E17-DE93-4166-A99E-1BED37AC2A9B}.Debug|x64.ActiveCfg = Debug|Any CPU
		{15A70E17-DE93-4166-A99E-1BED37AC2A9B}.Debug|x64.Build.0 = Debug|Any CPU
		{15A70E17-DE93-4166-A99E-1BED37AC2A9B}.Debug|x86.ActiveCfg = Debug|Any CPU
		{15A70E17-DE93-4166-A99E-1BED37AC2A9B}.Debug|x86.Build.0 = Debug|Any CPU
		{15A70E17-DE93-4166-A99E-1BED37AC2A9B}.Release|Any CPU.ActiveCfg = Release|Any CPU
		{15A70E17-DE93-4166-A99E-1BED37AC2A9B}.Release|Any CPU.Build.0 = Release|Any CPU
		{15A70E17-DE93-4166-A99E-1BED37AC2A9B}.Release|x64.ActiveCfg = Release|Any CPU
		{15A70E17-DE93-4166-A99E-1BED37AC2A9B}.Release|x64.Build.0 = Release|Any CPU
		{15A70E17-DE93-4166-A99E-1BED37AC2A9B}.Release|x86.ActiveCfg = Release|Any CPU
		{15A70E17-DE93-4166-A99E-1BED37AC2A9B}.Release|x86.Build.0 = Release|Any CPU
		{89DA4590-945C-4165-AE9F-341771FE9F07}.Debug|Any CPU.ActiveCfg = Debug|Any CPU
		{89DA4590-945C-4165-AE9F-341771FE9F07}.Debug|Any CPU.Build.0 = Debug|Any CPU
		{89DA4590-945C-4165-AE9F-341771FE9F07}.Debug|x64.ActiveCfg = Debug|Any CPU
		{89DA4590-945C-4165-AE9F-341771FE9F07}.Debug|x64.Build.0 = Debug|Any CPU
		{89DA4590-945C-4165-AE9F-341771FE9F07}.Debug|x86.ActiveCfg = Debug|Any CPU
		{89DA4590-945C-4165-AE9F-341771FE9F07}.Debug|x86.Build.0 = Debug|Any CPU
		{89DA4590-945C-4165-AE9F-341771FE9F07}.Release|Any CPU.ActiveCfg = Release|Any CPU
		{89DA4590-945C-4165-AE9F-341771FE9F07}.Release|Any CPU.Build.0 = Release|Any CPU
		{89DA4590-945C-4165-AE9F-341771FE9F07}.Release|x64.ActiveCfg = Release|Any CPU
		{89DA4590-945C-4165-AE9F-341771FE9F07}.Release|x64.Build.0 = Release|Any CPU
		{89DA4590-945C-4165-AE9F-341771FE9F07}.Release|x86.ActiveCfg = Release|Any CPU
		{89DA4590-945C-4165-AE9F-341771FE9F07}.Release|x86.Build.0 = Release|Any CPU
		{31D6D40C-2122-410C-B39B-BE94A30FDC43}.Debug|Any CPU.ActiveCfg = Debug|Any CPU
		{31D6D40C-2122-410C-B39B-BE94A30FDC43}.Debug|Any CPU.Build.0 = Debug|Any CPU
		{31D6D40C-2122-410C-B39B-BE94A30FDC43}.Debug|x64.ActiveCfg = Debug|Any CPU
		{31D6D40C-2122-410C-B39B-BE94A30FDC43}.Debug|x64.Build.0 = Debug|Any CPU
		{31D6D40C-2122-410C-B39B-BE94A30FDC43}.Debug|x86.ActiveCfg = Debug|Any CPU
		{31D6D40C-2122-410C-B39B-BE94A30FDC43}.Debug|x86.Build.0 = Debug|Any CPU
		{31D6D40C-2122-410C-B39B-BE94A30FDC43}.Release|Any CPU.ActiveCfg = Release|Any CPU
		{31D6D40C-2122-410C-B39B-BE94A30FDC43}.Release|Any CPU.Build.0 = Release|Any CPU
		{31D6D40C-2122-410C-B39B-BE94A30FDC43}.Release|x64.ActiveCfg = Release|Any CPU
		{31D6D40C-2122-410C-B39B-BE94A30FDC43}.Release|x64.Build.0 = Release|Any CPU
		{31D6D40C-2122-410C-B39B-BE94A30FDC43}.Release|x86.ActiveCfg = Release|Any CPU
		{31D6D40C-2122-410C-B39B-BE94A30FDC43}.Release|x86.Build.0 = Release|Any CPU
		{85AE7303-6732-4328-B243-4B4EA4A5EE7E}.Debug|Any CPU.ActiveCfg = Debug|Any CPU
		{85AE7303-6732-4328-B243-4B4EA4A5EE7E}.Debug|Any CPU.Build.0 = Debug|Any CPU
		{85AE7303-6732-4328-B243-4B4EA4A5EE7E}.Debug|x64.ActiveCfg = Debug|Any CPU
		{85AE7303-6732-4328-B243-4B4EA4A5EE7E}.Debug|x64.Build.0 = Debug|Any CPU
		{85AE7303-6732-4328-B243-4B4EA4A5EE7E}.Debug|x86.ActiveCfg = Debug|Any CPU
		{85AE7303-6732-4328-B243-4B4EA4A5EE7E}.Debug|x86.Build.0 = Debug|Any CPU
		{85AE7303-6732-4328-B243-4B4EA4A5EE7E}.Release|Any CPU.ActiveCfg = Release|Any CPU
		{85AE7303-6732-4328-B243-4B4EA4A5EE7E}.Release|Any CPU.Build.0 = Release|Any CPU
		{85AE7303-6732-4328-B243-4B4EA4A5EE7E}.Release|x64.ActiveCfg = Release|Any CPU
		{85AE7303-6732-4328-B243-4B4EA4A5EE7E}.Release|x64.Build.0 = Release|Any CPU
		{85AE7303-6732-4328-B243-4B4EA4A5EE7E}.Release|x86.ActiveCfg = Release|Any CPU
		{85AE7303-6732-4328-B243-4B4EA4A5EE7E}.Release|x86.Build.0 = Release|Any CPU
		{A2EFAD12-B74E-4055-9BF9-55E49AE124CB}.Debug|Any CPU.ActiveCfg = Debug|Any CPU
		{A2EFAD12-B74E-4055-9BF9-55E49AE124CB}.Debug|Any CPU.Build.0 = Debug|Any CPU
		{A2EFAD12-B74E-4055-9BF9-55E49AE124CB}.Debug|x64.ActiveCfg = Debug|Any CPU
		{A2EFAD12-B74E-4055-9BF9-55E49AE124CB}.Debug|x64.Build.0 = Debug|Any CPU
		{A2EFAD12-B74E-4055-9BF9-55E49AE124CB}.Debug|x86.ActiveCfg = Debug|Any CPU
		{A2EFAD12-B74E-4055-9BF9-55E49AE124CB}.Debug|x86.Build.0 = Debug|Any CPU
		{A2EFAD12-B74E-4055-9BF9-55E49AE124CB}.Release|Any CPU.ActiveCfg = Release|Any CPU
		{A2EFAD12-B74E-4055-9BF9-55E49AE124CB}.Release|Any CPU.Build.0 = Release|Any CPU
		{A2EFAD12-B74E-4055-9BF9-55E49AE124CB}.Release|x64.ActiveCfg = Release|Any CPU
		{A2EFAD12-B74E-4055-9BF9-55E49AE124CB}.Release|x64.Build.0 = Release|Any CPU
		{A2EFAD12-B74E-4055-9BF9-55E49AE124CB}.Release|x86.ActiveCfg = Release|Any CPU
		{A2EFAD12-B74E-4055-9BF9-55E49AE124CB}.Release|x86.Build.0 = Release|Any CPU
	EndGlobalSection
	GlobalSection(NestedProjects) = preSolution
		{233722B9-4195-4875-8D8B-FE82BA02B8FA} = {158D0EC6-F7A7-4D16-8985-D568E677FA86}
		{658F7E9F-227A-4744-9770-85D6DB8F0CB7} = {158D0EC6-F7A7-4D16-8985-D568E677FA86}
		{15A70E17-DE93-4166-A99E-1BED37AC2A9B} = {158D0EC6-F7A7-4D16-8985-D568E677FA86}
		{89DA4590-945C-4165-AE9F-341771FE9F07} = {98C7CD88-6F82-4940-9B7B-32C2D5D74C03}
		{31D6D40C-2122-410C-B39B-BE94A30FDC43} = {4E7FCE09-087C-4F33-B89A-677F12DB6D82}
		{85AE7303-6732-4328-B243-4B4EA4A5EE7E} = {98C7CD88-6F82-4940-9B7B-32C2D5D74C03}
		{A2EFAD12-B74E-4055-9BF9-55E49AE124CB} = {98C7CD88-6F82-4940-9B7B-32C2D5D74C03}
	EndGlobalSection
EndGlobal
